
Microsoft Visual Studio Solution File, Format Version 12.00
# Visual Studio Version 16
VisualStudioVersion = 16.0.30907.101
MinimumVisualStudioVersion = 10.0.40219.1
Project("{FAE04EC0-301F-11D3-BF4B-00C04F79EFBC}") = "Assembly-CSharp", "Assembly-CSharp.csproj", "{47542D46-F980-785E-1B6E-88734A9D07D7}"
EndProject
Project("{FAE04EC0-301F-11D3-BF4B-00C04F79EFBC}") = "Assembly-CSharp-Editor", "Assembly-CSharp-Editor.csproj", "{75273FE5-2D9F-334A-83CC-7E2D244F9AC0}"
EndProject
Global
	GlobalSection(SolutionConfigurationPlatforms) = preSolution
		Debug|Any CPU = Debug|Any CPU
		Release|Any CPU = Release|Any CPU
	EndGlobalSection
	GlobalSection(ProjectConfigurationPlatforms) = postSolution
		{47542D46-F980-785E-1B6E-88734A9D07D7}.Debug|Any CPU.ActiveCfg = Debug|Any CPU
		{47542D46-F980-785E-1B6E-88734A9D07D7}.Debug|Any CPU.Build.0 = Debug|Any CPU
		{47542D46-F980-785E-1B6E-88734A9D07D7}.Release|Any CPU.ActiveCfg = Release|Any CPU
		{47542D46-F980-785E-1B6E-88734A9D07D7}.Release|Any CPU.Build.0 = Release|Any CPU
		{75273FE5-2D9F-334A-83CC-7E2D244F9AC0}.Debug|Any CPU.ActiveCfg = Debug|Any CPU
		{75273FE5-2D9F-334A-83CC-7E2D244F9AC0}.Debug|Any CPU.Build.0 = Debug|Any CPU
		{75273FE5-2D9F-334A-83CC-7E2D244F9AC0}.Release|Any CPU.ActiveCfg = Release|Any CPU
		{75273FE5-2D9F-334A-83CC-7E2D244F9AC0}.Release|Any CPU.Build.0 = Release|Any CPU
	EndGlobalSection
	GlobalSection(SolutionProperties) = preSolution
		HideSolutionNode = FALSE
	EndGlobalSection
	GlobalSection(ExtensibilityGlobals) = postSolution
		SolutionGuid = {1F00FF28-60CD-4EB1-B835-6DD1E30171A0}
	EndGlobalSection
EndGlobal
